# Code generated by scarb DO NOT EDIT.
version = 1

[[package]]
name = "openzeppelin_account"
version = "3.0.0"
source = "git+https://github.com/OpenZeppelin/cairo-contracts.git?tag=v3.0.0#ddd3338e787a3fbf4a92b366640a57ee364390cb"
dependencies = [
 "openzeppelin_interfaces",
 "openzeppelin_introspection",
 "openzeppelin_utils",
]

[[package]]
name = "openzeppelin_interfaces"
version = "2.1.0"
source = "git+https://github.com/OpenZeppelin/cairo-contracts.git?tag=v3.0.0#ddd3338e787a3fbf4a92b366640a57ee364390cb"

[[package]]
name = "openzeppelin_introspection"
version = "3.0.0"
source = "git+https://github.com/OpenZeppelin/cairo-contracts.git?tag=v3.0.0#ddd3338e787a3fbf4a92b366640a57ee364390cb"
dependencies = [
 "openzeppelin_interfaces",
]

[[package]]
name = "openzeppelin_upgrades"
version = "3.0.0"
source = "git+https://github.com/OpenZeppelin/cairo-contracts.git?tag=v3.0.0#ddd3338e787a3fbf4a92b366640a57ee364390cb"

[[package]]
name = "openzeppelin_utils"
version = "2.1.0"
source = "git+https://github.com/OpenZeppelin/cairo-contracts.git?tag=v3.0.0#ddd3338e787a3fbf4a92b366640a57ee364390cb"
dependencies = [
 "openzeppelin_interfaces",
]

[[package]]
name = "sessions_smart_contract"
version = "1.0.0"
dependencies = [
 "openzeppelin_account",
 "openzeppelin_interfaces",
 "openzeppelin_introspection",
 "openzeppelin_upgrades",
 "openzeppelin_utils",
 "snforge_std",
]

[[package]]
name = "snforge_scarb_plugin"
version = "0.54.1"
source = "registry+https://scarbs.xyz/"
checksum = "sha256:5c754ba8c262633e60c2cd06710cb96604c8bf20595fe60965013fedd8a55df9"

[[package]]
name = "snforge_std"
version = "0.54.1"
source = "registry+https://scarbs.xyz/"
checksum = "sha256:e0532e6149ffc580e282d0774404e512a6814d477cd65529b91d5a09ac6e07d6"
dependencies = [
 "snforge_scarb_plugin",
]
